PODS:
  - ai_barcode (0.0.1):
    - Flutter
    - MTBBarcodeScanner
  - Flutter (1.0.0)
  - MTBBarcodeScanner (5.0.11)

DEPENDENCIES:
  - ai_barcode (from `.symlinks/plugins/ai_barcode/ios`)
  - Flutter (from `Flutter`)

SPEC REPOS:
  trunk:
    - MTBBarcodeScanner

EXTERNAL SOURCES:
  ai_barcode:
    :path: ".symlinks/plugins/ai_barcode/ios"
  Flutter:
    :path: Flutter

SPEC CHECKSUMS:
  ai_barcode: 67fb0a7b732dbb87e92b59bb90a438db9383fa2f
  Flutter: 50d75fe2f02b26cc09d224853bb45737f8b3214a
  MTBBarcodeScanner: f453b33c4b7dfe545d8c6484ed744d55671788cb

PODFILE CHECKSUM: aafe91acc616949ddb318b77800a7f51bffa2a4c

COCOAPODS: 1.11.2
